
Microsoft Visual Studio Solution File, Format Version 12.00
# Visual Studio Version 16
VisualStudioVersion = 16.0.32510.428
MinimumVisualStudioVersion = 10.0.40219.1
Project("{FAE04EC0-301F-11D3-BF4B-00C04F79EFBC}") = "projet23-Station météo WPF", "projet23-Station météo WPF.csproj", "{C1EC7284-C36F-4CCC-A52A-315DFD2B4055}"
EndProject
Global
	GlobalSection(SolutionConfigurationPlatforms) = preSolution
		Debug|Any CPU = Debug|Any CPU
		Release|Any CPU = Release|Any CPU
	EndGlobalSection
	GlobalSection(ProjectConfigurationPlatforms) = postSolution
		{C1EC7284-C36F-4CCC-A52A-315DFD2B4055}.Debug|Any CPU.ActiveCfg = Debug|Any CPU
		{C1EC7284-C36F-4CCC-A52A-315DFD2B4055}.Debug|Any CPU.Build.0 = Debug|Any CPU
		{C1EC7284-C36F-4CCC-A52A-315DFD2B4055}.Release|Any CPU.ActiveCfg = Release|Any CPU
		{C1EC7284-C36F-4CCC-A52A-315DFD2B4055}.Release|Any CPU.Build.0 = Release|Any CPU
	EndGlobalSection
	GlobalSection(SolutionProperties) = preSolution
		HideSolutionNode = FALSE
	EndGlobalSection
	GlobalSection(ExtensibilityGlobals) = postSolution
		SolutionGuid = {CA9BA566-4A18-4FAA-8486-71B1719740B1}
	EndGlobalSection
EndGlobal
